// !$*UTF8*$!
{
	archiveVersion = 1;
	classes = {
	};
	objectVersion = 50;
	objects = {

/* Begin PBXBuildFile section */
		B143F5C225E4C87700CCA6BC /* PersonalInfoViewCell.swift in Sources */ = {isa = PBXBuildFile; fileRef = B143F5C125E4C87700CCA6BC /* PersonalInfoViewCell.swift */; };
		B143F5C525E6208900CCA6BC /* MembersCollectionViewCell.swift in Sources */ = {isa = PBXBuildFile; fileRef = B143F5C325E6208900CCA6BC /* MembersCollectionViewCell.swift */; };
		B143F5C625E6208900CCA6BC /* MembersCollectionViewCell.xib in Resources */ = {isa = PBXBuildFile; fileRef = B143F5C425E6208900CCA6BC /* MembersCollectionViewCell.xib */; };
		B143F5C825E6261300CCA6BC /* GroupPageController.swift in Sources */ = {isa = PBXBuildFile; fileRef = B143F5C725E6261300CCA6BC /* GroupPageController.swift */; };
		B143F5CB25E76D6F00CCA6BC /* GroupsInfo.swift in Sources */ = {isa = PBXBuildFile; fileRef = B143F5CA25E76D6F00CCA6BC /* GroupsInfo.swift */; };
		B1EB088025B730D4006D4750 /* AppDelegate.swift in Sources */ = {isa = PBXBuildFile; fileRef = B1EB087F25B730D4006D4750 /* AppDelegate.swift */; };
		B1EB088225B730D4006D4750 /* SceneDelegate.swift in Sources */ = {isa = PBXBuildFile; fileRef = B1EB088125B730D4006D4750 /* SceneDelegate.swift */; };
		B1EB088425B730D4006D4750 /* SearchViewController.swift in Sources */ = {isa = PBXBuildFile; fileRef = B1EB088325B730D4006D4750 /* SearchViewController.swift */; };
		B1EB088725B730D4006D4750 /* Main.storyboard in Resources */ = {isa = PBXBuildFile; fileRef = B1EB088525B730D4006D4750 /* Main.storyboard */; };
		B1EB088925B730D5006D4750 /* Assets.xcassets in Resources */ = {isa = PBXBuildFile; fileRef = B1EB088825B730D5006D4750 /* Assets.xcassets */; };
		B1EB088C25B730D5006D4750 /* LaunchScreen.storyboard in Resources */ = {isa = PBXBuildFile; fileRef = B1EB088A25B730D5006D4750 /* LaunchScreen.storyboard */; };
/* End PBXBuildFile section */

/* Begin PBXFileReference section */
		B143F5C125E4C87700CCA6BC /* PersonalInfoViewCell.swift */ = {isa = PBXFileReference; lastKnownFileType = sourcecode.swift; path = PersonalInfoViewCell.swift; sourceTree = "<group>"; };
		B143F5C325E6208900CCA6BC /* MembersCollectionViewCell.swift */ = {isa = PBXFileReference; lastKnownFileType = sourcecode.swift; path = MembersCollectionViewCell.swift; sourceTree = "<group>"; };
		B143F5C425E6208900CCA6BC /* MembersCollectionViewCell.xib */ = {isa = PBXFileReference; lastKnownFileType = file.xib; path = MembersCollectionViewCell.xib; sourceTree = "<group>"; };
		B143F5C725E6261300CCA6BC /* GroupPageController.swift */ = {isa = PBXFileReference; lastKnownFileType = sourcecode.swift; path = GroupPageController.swift; sourceTree = "<group>"; };
		B143F5CA25E76D6F00CCA6BC /* GroupsInfo.swift */ = {isa = PBXFileReference; lastKnownFileType = sourcecode.swift; path = GroupsInfo.swift; sourceTree = "<group>"; };
		B1EB087C25B730D4006D4750 /* Study Group App.app */ = {isa = PBXFileReference; explicitFileType = wrapper.application; includeInIndex = 0; path = "Study Group App.app"; sourceTree = BUILT_PRODUCTS_DIR; };
		B1EB087F25B730D4006D4750 /* AppDelegate.swift */ = {isa = PBXFileReference; lastKnownFileType = sourcecode.swift; path = AppDelegate.swift; sourceTree = "<group>"; };
		B1EB088125B730D4006D4750 /* SceneDelegate.swift */ = {isa = PBXFileReference; lastKnownFileType = sourcecode.swift; path = SceneDelegate.swift; sourceTree = "<group>"; };
		B1EB088325B730D4006D4750 /* SearchViewController.swift */ = {isa = PBXFileReference; lastKnownFileType = sourcecode.swift; path = SearchViewController.swift; sourceTree = "<group>"; };
		B1EB088625B730D4006D4750 /* Base */ = {isa = PBXFileReference; lastKnownFileType = file.storyboard; name = Base; path = Base.lproj/Main.storyboard; sourceTree = "<group>"; };
		B1EB088825B730D5006D4750 /* Assets.xcassets */ = {isa = PBXFileReference; lastKnownFileType = folder.assetcatalog; path = Assets.xcassets; sourceTree = "<group>"; };
		B1EB088B25B730D5006D4750 /* Base */ = {isa = PBXFileReference; lastKnownFileType = file.storyboard; name = Base; path = Base.lproj/LaunchScreen.storyboard; sourceTree = "<group>"; };
		B1EB088D25B730D5006D4750 /* Info.plist */ = {isa = PBXFileReference; lastKnownFileType = text.plist.xml; path = Info.plist; sourceTree = "<group>"; };
/* End PBXFileReference section */

/* Begin PBXFrameworksBuildPhase section */
		B1EB087925B730D4006D4750 /* Frameworks */ = {
			isa = PBXFrameworksBuildPhase;
			buildActionMask = 2147483647;
			files = (
			);
			runOnlyForDeploymentPostprocessing = 0;
		};
/* End PBXFrameworksBuildPhase section */

/* Begin PBXGroup section */
		B143F5BF25E4AE2700CCA6BC /* Controller */ = {
			isa = PBXGroup;
			children = (
				B1EB088325B730D4006D4750 /* SearchViewController.swift */,
				B143F5C125E4C87700CCA6BC /* PersonalInfoViewCell.swift */,
				B143F5C325E6208900CCA6BC /* MembersCollectionViewCell.swift */,
				B143F5C725E6261300CCA6BC /* GroupPageController.swift */,
			);
			path = Controller;
			sourceTree = "<group>";
		};
		B143F5C025E4AE4100CCA6BC /* View */ = {
			isa = PBXGroup;
			children = (
				B1EB088525B730D4006D4750 /* Main.storyboard */,
				B143F5C425E6208900CCA6BC /* MembersCollectionViewCell.xib */,
			);
			path = View;
			sourceTree = "<group>";
		};
		B143F5C925E638F600CCA6BC /* Model */ = {
			isa = PBXGroup;
			children = (
				B143F5CA25E76D6F00CCA6BC /* GroupsInfo.swift */,
			);
			path = Model;
			sourceTree = "<group>";
		};
		B1EB087325B730D4006D4750 = {
			isa = PBXGroup;
			children = (
				B1EB087E25B730D4006D4750 /* Study Group App */,
				B1EB087D25B730D4006D4750 /* Products */,
			);
			sourceTree = "<group>";
		};
		B1EB087D25B730D4006D4750 /* Products */ = {
			isa = PBXGroup;
			children = (
				B1EB087C25B730D4006D4750 /* Study Group App.app */,
			);
			name = Products;
			sourceTree = "<group>";
		};
		B1EB087E25B730D4006D4750 /* Study Group App */ = {
			isa = PBXGroup;
			children = (
				B1EB087F25B730D4006D4750 /* AppDelegate.swift */,
				B1EB088125B730D4006D4750 /* SceneDelegate.swift */,
				B143F5C925E638F600CCA6BC /* Model */,
				B143F5BF25E4AE2700CCA6BC /* Controller */,
				B143F5C025E4AE4100CCA6BC /* View */,
				B1EB088825B730D5006D4750 /* Assets.xcassets */,
				B1EB088A25B730D5006D4750 /* LaunchScreen.storyboard */,
				B1EB088D25B730D5006D4750 /* Info.plist */,
			);
			path = "Study Group App";
			sourceTree = "<group>";
		};
/* End PBXGroup section */

/* Begin PBXNativeTarget section */
		B1EB087B25B730D4006D4750 /* Study Group App */ = {
			isa = PBXNativeTarget;
			buildConfigurationList = B1EB089025B730D5006D4750 /* Build configuration list for PBXNativeTarget "Study Group App" */;
			buildPhases = (
				B1EB087825B730D4006D4750 /* Sources */,
				B1EB087925B730D4006D4750 /* Frameworks */,
				B1EB087A25B730D4006D4750 /* Resources */,
			);
			buildRules = (
			);
			dependencies = (
			);
			name = "Study Group App";
			productName = "Study Group App";
			productReference = B1EB087C25B730D4006D4750 /* Study Group App.app */;
			productType = "com.apple.product-type.application";
		};
/* End PBXNativeTarget section */

/* Begin PBXProject section */
		B1EB087425B730D4006D4750 /* Project object */ = {
			isa = PBXProject;
			attributes = {
				LastSwiftUpdateCheck = 1170;
				LastUpgradeCheck = 1170;
				ORGANIZATIONNAME = "Tiffany Yang";
				TargetAttributes = {
					B1EB087B25B730D4006D4750 = {
						CreatedOnToolsVersion = 11.7;
					};
				};
			};
			buildConfigurationList = B1EB087725B730D4006D4750 /* Build configuration list for PBXProject "Study Group App" */;
			compatibilityVersion = "Xcode 9.3";
			developmentRegion = en;
			hasScannedForEncodings = 0;
			knownRegions = (
				en,
				Base,
			);
			mainGroup = B1EB087325B730D4006D4750;
			productRefGroup = B1EB087D25B730D4006D4750 /* Products */;
			projectDirPath = "";
			projectRoot = "";
			targets = (
				B1EB087B25B730D4006D4750 /* Study Group App */,
			);
		};
/* End PBXProject section */

/* Begin PBXResourcesBuildPhase section */
		B1EB087A25B730D4006D4750 /* Resources */ = {
			isa = PBXResourcesBuildPhase;
			buildActionMask = 2147483647;
			files = (
				B143F5C625E6208900CCA6BC /* MembersCollectionViewCell.xib in Resources */,
				B1EB088C25B730D5006D4750 /* LaunchScreen.storyboard in Resources */,
				B1EB088925B730D5006D4750 /* Assets.xcassets in Resources */,
				B1EB088725B730D4006D4750 /* Main.storyboard in Resources */,
			);
			runOnlyForDeploymentPostprocessing = 0;
		};
/* End PBXResourcesBuildPhase section */

/* Begin PBXSourcesBuildPhase section */
		B1EB087825B730D4006D4750 /* Sources */ = {
			isa = PBXSourcesBuildPhase;
			buildActionMask = 2147483647;
			files = (
				B1EB088425B730D4006D4750 /* SearchViewController.swift in Sources */,
				B143F5C225E4C87700CCA6BC /* PersonalInfoViewCell.swift in Sources */,
				B143F5CB25E76D6F00CCA6BC /* GroupsInfo.swift in Sources */,
				B143F5C825E6261300CCA6BC /* GroupPageController.swift in Sources */,
				B1EB088025B730D4006D4750 /* AppDelegate.swift in Sources */,
				B1EB088225B730D4006D4750 /* SceneDelegate.swift in Sources */,
				B143F5C525E6208900CCA6BC /* MembersCollectionViewCell.swift in Sources */,
			);
			runOnlyForDeploymentPostprocessing = 0;
		};
/* End PBXSourcesBuildPhase section */

/* Begin PBXVariantGroup section */
		B1EB088525B730D4006D4750 /* Main.storyboard */ = {
			isa = PBXVariantGroup;
			children = (
				B1EB088625B730D4006D4750 /* Base */,
			);
			name = Main.storyboard;
			sourceTree = "<group>";
		};
		B1EB088A25B730D5006D4750 /* LaunchScreen.storyboard */ = {
			isa = PBXVariantGroup;
			children = (
				B1EB088B25B730D5006D4750 /* Base */,
			);
			name = LaunchScreen.storyboard;
			sourceTree = "<group>";
		};
/* End PBXVariantGroup section */

/* Begin XCBuildConfiguration section */
		B1EB088E25B730D5006D4750 /* Debug */ = {
			isa = XCBuildConfiguration;
			buildSettings = {
				ALWAYS_SEARCH_USER_PATHS = NO;
				CLANG_ANALYZER_NONNULL = YES;
				CLANG_ANALYZER_NUMBER_OBJECT_CONVERSION = YES_AGGRESSIVE;
				CLANG_CXX_LANGUAGE_STANDARD = "gnu++14";
				CLANG_CXX_LIBRARY = "libc++";
				CLANG_ENABLE_MODULES = YES;
				CLANG_ENABLE_OBJC_ARC = YES;
				CLANG_ENABLE_OBJC_WEAK = YES;
				CLANG_WARN_BLOCK_CAPTURE_AUTORELEASING = YES;
				CLANG_WARN_BOOL_CONVERSION = YES;
				CLANG_WARN_COMMA = YES;
				CLANG_WARN_CONSTANT_CONVERSION = YES;
				CLANG_WARN_DEPRECATED_OBJC_IMPLEMENTATIONS = YES;
				CLANG_WARN_DIRECT_OBJC_ISA_USAGE = YES_ERROR;
				CLANG_WARN_DOCUMENTATION_COMMENTS = YES;
				CLANG_WARN_EMPTY_BODY = YES;
				CLANG_WARN_ENUM_CONVERSION = YES;
				CLANG_WARN_INFINITE_RECURSION = YES;
				CLANG_WARN_INT_CONVERSION = YES;
				CLANG_WARN_NON_LITERAL_NULL_CONVERSION = YES;
				CLANG_WARN_OBJC_IMPLICIT_RETAIN_SELF = YES;
				CLANG_WARN_OBJC_LITERAL_CONVERSION = YES;
				CLANG_WARN_OBJC_ROOT_CLASS = YES_ERROR;
				CLANG_WARN_RANGE_LOOP_ANALYSIS = YES;
				CLANG_WARN_STRICT_PROTOTYPES = YES;
				CLANG_WARN_SUSPICIOUS_MOVE = YES;
				CLANG_WARN_UNGUARDED_AVAILABILITY = YES_AGGRESSIVE;
				CLANG_WARN_UNREACHABLE_CODE = YES;
				CLANG_WARN__DUPLICATE_METHOD_MATCH = YES;
				COPY_PHASE_STRIP = NO;
				DEBUG_INFORMATION_FORMAT = dwarf;
				ENABLE_STRICT_OBJC_MSGSEND = YES;
				ENABLE_TESTABILITY = YES;
				GCC_C_LANGUAGE_STANDARD = gnu11;
				GCC_DYNAMIC_NO_PIC = NO;
				GCC_NO_COMMON_BLOCKS = YES;
				GCC_OPTIMIZATION_LEVEL = 0;
				GCC_PREPROCESSOR_DEFINITIONS = (
					"DEBUG=1",
					"$(inherited)",
				);
				GCC_WARN_64_TO_32_BIT_CONVERSION = YES;
				GCC_WARN_ABOUT_RETURN_TYPE = YES_ERROR;
				GCC_WARN_UNDECLARED_SELECTOR = YES;
				GCC_WARN_UNINITIALIZED_AUTOS = YES_AGGRESSIVE;
				GCC_WARN_UNUSED_FUNCTION = YES;
				GCC_WARN_UNUSED_VARIABLE = YES;
				IPHONEOS_DEPLOYMENT_TARGET = 13.7;
				MTL_ENABLE_DEBUG_INFO = INCLUDE_SOURCE;
				MTL_FAST_MATH = YES;
				ONLY_ACTIVE_ARCH = YES;
				SDKROOT = iphoneos;
				SWIFT_ACTIVE_COMPILATION_CONDITIONS = DEBUG;
				SWIFT_OPTIMIZATION_LEVEL = "-Onone";
			};
			name = Debug;
		};
		B1EB088F25B730D5006D4750 /* Release */ = {
			isa = XCBuildConfiguration;
			buildSettings = {
				ALWAYS_SEARCH_USER_PATHS = NO;
				CLANG_ANALYZER_NONNULL = YES;
				CLANG_ANALYZER_NUMBER_OBJECT_CONVERSION = YES_AGGRESSIVE;
				CLANG_CXX_LANGUAGE_STANDARD = "gnu++14";
				CLANG_CXX_LIBRARY = "libc++";
				CLANG_ENABLE_MODULES = YES;
				CLANG_ENABLE_OBJC_ARC = YES;
				CLANG_ENABLE_OBJC_WEAK = YES;
				CLANG_WARN_BLOCK_CAPTURE_AUTORELEASING = YES;
				CLANG_WARN_BOOL_CONVERSION = YES;
				CLANG_WARN_COMMA = YES;
				CLANG_WARN_CONSTANT_CONVERSION = YES;
				CLANG_WARN_DEPRECATED_OBJC_IMPLEMENTATIONS = YES;
				CLANG_WARN_DIRECT_OBJC_ISA_USAGE = YES_ERROR;
				CLANG_WARN_DOCUMENTATION_COMMENTS = YES;
				CLANG_WARN_EMPTY_BODY = YES;
				CLANG_WARN_ENUM_CONVERSION = YES;
				CLANG_WARN_INFINITE_RECURSION = YES;
				CLANG_WARN_INT_CONVERSION = YES;
				CLANG_WARN_NON_LITERAL_NULL_CONVERSION = YES;
				CLANG_WARN_OBJC_IMPLICIT_RETAIN_SELF = YES;
				CLANG_WARN_OBJC_LITERAL_CONVERSION = YES;
				CLANG_WARN_OBJC_ROOT_CLASS = YES_ERROR;
				CLANG_WARN_RANGE_LOOP_ANALYSIS = YES;
				CLANG_WARN_STRICT_PROTOTYPES = YES;
				CLANG_WARN_SUSPICIOUS_MOVE = YES;
				CLANG_WARN_UNGUARDED_AVAILABILITY = YES_AGGRESSIVE;
				CLANG_WARN_UNREACHABLE_CODE = YES;
				CLANG_WARN__DUPLICATE_METHOD_MATCH = YES;
				COPY_PHASE_STRIP = NO;
				DEBUG_INFORMATION_FORMAT = "dwarf-with-dsym";
				ENABLE_NS_ASSERTIONS = NO;
				ENABLE_STRICT_OBJC_MSGSEND = YES;
				GCC_C_LANGUAGE_STANDARD = gnu11;
				GCC_NO_COMMON_BLOCKS = YES;
				GCC_WARN_64_TO_32_BIT_CONVERSION = YES;
				GCC_WARN_ABOUT_RETURN_TYPE = YES_ERROR;
				GCC_WARN_UNDECLARED_SELECTOR = YES;
				GCC_WARN_UNINITIALIZED_AUTOS = YES_AGGRESSIVE;
				GCC_WARN_UNUSED_FUNCTION = YES;
				GCC_WARN_UNUSED_VARIABLE = YES;
				IPHONEOS_DEPLOYMENT_TARGET = 13.7;
				MTL_ENABLE_DEBUG_INFO = NO;
				MTL_FAST_MATH = YES;
				SDKROOT = iphoneos;
				SWIFT_COMPILATION_MODE = wholemodule;
				SWIFT_OPTIMIZATION_LEVEL = "-O";
				VALIDATE_PRODUCT = YES;
			};
			name = Release;
		};
		B1EB089125B730D5006D4750 /* Debug */ = {
			isa = XCBuildConfiguration;
			buildSettings = {
				ASSETCATALOG_COMPILER_APPICON_NAME = AppIcon;
				CODE_SIGN_STYLE = Automatic;
				DEVELOPMENT_TEAM = UN2JYFQYB5;
				INFOPLIST_FILE = "Study Group App/Info.plist";
				LD_RUNPATH_SEARCH_PATHS = (
					"$(inherited)",
					"@executable_path/Frameworks",
				);
				PRODUCT_BUNDLE_IDENTIFIER = "com.tiffanyyang.Study-Group-App";
				PRODUCT_NAME = "$(TARGET_NAME)";
				SWIFT_VERSION = 5.0;
				TARGETED_DEVICE_FAMILY = "1,2";
			};
			name = Debug;
		};
		B1EB089225B730D5006D4750 /* Release */ = {
			isa = XCBuildConfiguration;
			buildSettings = {
				ASSETCATALOG_COMPILER_APPICON_NAME = AppIcon;
				CODE_SIGN_STYLE = Automatic;
				DEVELOPMENT_TEAM = UN2JYFQYB5;
				INFOPLIST_FILE = "Study Group App/Info.plist";
				LD_RUNPATH_SEARCH_PATHS = (
					"$(inherited)",
					"@executable_path/Frameworks",
				);
				PRODUCT_BUNDLE_IDENTIFIER = "com.tiffanyyang.Study-Group-App";
				PRODUCT_NAME = "$(TARGET_NAME)";
				SWIFT_VERSION = 5.0;
				TARGETED_DEVICE_FAMILY = "1,2";
			};
			name = Release;
		};
/* End XCBuildConfiguration section */

/* Begin XCConfigurationList section */
		B1EB087725B730D4006D4750 /* Build configuration list for PBXProject "Study Group App" */ = {
			isa = XCConfigurationList;
			buildConfigurations = (
				B1EB088E25B730D5006D4750 /* Debug */,
				B1EB088F25B730D5006D4750 /* Release */,
			);
			defaultConfigurationIsVisible = 0;
			defaultConfigurationName = Release;
		};
		B1EB089025B730D5006D4750 /* Build configuration list for PBXNativeTarget "Study Group App" */ = {
			isa = XCConfigurationList;
			buildConfigurations = (
				B1EB089125B730D5006D4750 /* Debug */,
				B1EB089225B730D5006D4750 /* Release */,
			);
			defaultConfigurationIsVisible = 0;
			defaultConfigurationName = Release;
		};
/* End XCConfigurationList section */
	};
	rootObject = B1EB087425B730D4006D4750 /* Project object */;
}
