// !$*UTF8*$!
{
	archiveVersion = 1;
	classes = {
	};
	objectVersion = 50;
	objects = {

/* Begin PBXBuildFile section */
		890E415025F0C3FB00A47422 /* TimesTableViewController.swift in Sources */ = {isa = PBXBuildFile; fileRef = 890E414F25F0C3FB00A47422 /* TimesTableViewController.swift */; };
		890E415325F0C50B00A47422 /* TimesTableViewCell.swift in Sources */ = {isa = PBXBuildFile; fileRef = 890E415225F0C50B00A47422 /* TimesTableViewCell.swift */; };
		890E415725F10F4300A47422 /* Create_Book_Club_1_ViewController.swift in Sources */ = {isa = PBXBuildFile; fileRef = 890E415625F10F4300A47422 /* Create_Book_Club_1_ViewController.swift */; };
		890E415A25F1219800A47422 /* BookClubClassifyTableViewCell.swift in Sources */ = {isa = PBXBuildFile; fileRef = 890E415925F1219800A47422 /* BookClubClassifyTableViewCell.swift */; };
		89237D5025EF7C0200B2592F /* LocTableViewCell.swift in Sources */ = {isa = PBXBuildFile; fileRef = 89237D4F25EF7C0200B2592F /* LocTableViewCell.swift */; };
		893C6D9C25F24AAC001AD9CA /* Create_Book_Club_3_ViewController.swift in Sources */ = {isa = PBXBuildFile; fileRef = 893C6D9B25F24AAC001AD9CA /* Create_Book_Club_3_ViewController.swift */; };
		897BA0DD25EE88AB00A92C4E /* LocationTableViewController.swift in Sources */ = {isa = PBXBuildFile; fileRef = 897BA0DC25EE88AB00A92C4E /* LocationTableViewController.swift */; };
		89D3F47925ED10F4000690F0 /* AppDelegate.swift in Sources */ = {isa = PBXBuildFile; fileRef = 89D3F47825ED10F4000690F0 /* AppDelegate.swift */; };
		89D3F47B25ED10F4000690F0 /* SceneDelegate.swift in Sources */ = {isa = PBXBuildFile; fileRef = 89D3F47A25ED10F4000690F0 /* SceneDelegate.swift */; };
		89D3F47D25ED10F4000690F0 /* ViewController.swift in Sources */ = {isa = PBXBuildFile; fileRef = 89D3F47C25ED10F4000690F0 /* ViewController.swift */; };
		89D3F48025ED10F4000690F0 /* Main.storyboard in Resources */ = {isa = PBXBuildFile; fileRef = 89D3F47E25ED10F4000690F0 /* Main.storyboard */; };
		89D3F48225ED10F4000690F0 /* Assets.xcassets in Resources */ = {isa = PBXBuildFile; fileRef = 89D3F48125ED10F4000690F0 /* Assets.xcassets */; };
		89D3F48525ED10F4000690F0 /* LaunchScreen.storyboard in Resources */ = {isa = PBXBuildFile; fileRef = 89D3F48325ED10F4000690F0 /* LaunchScreen.storyboard */; };
		89D3F49225ED2433000690F0 /* 上傳.png in Resources */ = {isa = PBXBuildFile; fileRef = 89D3F49125ED2432000690F0 /* 上傳.png */; };
		89D3F49525ED2C24000690F0 /* Create_Book_Club_2_ViewController.swift in Sources */ = {isa = PBXBuildFile; fileRef = 89D3F49425ED2C24000690F0 /* Create_Book_Club_2_ViewController.swift */; };
		89D3F49A25ED4700000690F0 /* -.png in Resources */ = {isa = PBXBuildFile; fileRef = 89D3F49925ED4700000690F0 /* -.png */; };
		89D3F49D25ED4706000690F0 /* +.png in Resources */ = {isa = PBXBuildFile; fileRef = 89D3F49C25ED4706000690F0 /* +.png */; };
/* End PBXBuildFile section */

/* Begin PBXFileReference section */
		890E414F25F0C3FB00A47422 /* TimesTableViewController.swift */ = {isa = PBXFileReference; lastKnownFileType = sourcecode.swift; path = TimesTableViewController.swift; sourceTree = "<group>"; };
		890E415225F0C50B00A47422 /* TimesTableViewCell.swift */ = {isa = PBXFileReference; lastKnownFileType = sourcecode.swift; path = TimesTableViewCell.swift; sourceTree = "<group>"; };
		890E415625F10F4300A47422 /* Create_Book_Club_1_ViewController.swift */ = {isa = PBXFileReference; lastKnownFileType = sourcecode.swift; path = Create_Book_Club_1_ViewController.swift; sourceTree = "<group>"; };
		890E415925F1219800A47422 /* BookClubClassifyTableViewCell.swift */ = {isa = PBXFileReference; lastKnownFileType = sourcecode.swift; path = BookClubClassifyTableViewCell.swift; sourceTree = "<group>"; };
		89237D4F25EF7C0200B2592F /* LocTableViewCell.swift */ = {isa = PBXFileReference; lastKnownFileType = sourcecode.swift; path = LocTableViewCell.swift; sourceTree = "<group>"; };
		893C6D9B25F24AAC001AD9CA /* Create_Book_Club_3_ViewController.swift */ = {isa = PBXFileReference; lastKnownFileType = sourcecode.swift; path = Create_Book_Club_3_ViewController.swift; sourceTree = "<group>"; };
		897BA0DC25EE88AB00A92C4E /* LocationTableViewController.swift */ = {isa = PBXFileReference; lastKnownFileType = sourcecode.swift; path = LocationTableViewController.swift; sourceTree = "<group>"; };
		89D3F47525ED10F4000690F0 /* Study-Group-App.app */ = {isa = PBXFileReference; explicitFileType = wrapper.application; includeInIndex = 0; path = "Study-Group-App.app"; sourceTree = BUILT_PRODUCTS_DIR; };
		89D3F47825ED10F4000690F0 /* AppDelegate.swift */ = {isa = PBXFileReference; lastKnownFileType = sourcecode.swift; path = AppDelegate.swift; sourceTree = "<group>"; };
		89D3F47A25ED10F4000690F0 /* SceneDelegate.swift */ = {isa = PBXFileReference; lastKnownFileType = sourcecode.swift; path = SceneDelegate.swift; sourceTree = "<group>"; };
		89D3F47C25ED10F4000690F0 /* ViewController.swift */ = {isa = PBXFileReference; lastKnownFileType = sourcecode.swift; path = ViewController.swift; sourceTree = "<group>"; };
		89D3F47F25ED10F4000690F0 /* Base */ = {isa = PBXFileReference; lastKnownFileType = file.storyboard; name = Base; path = Base.lproj/Main.storyboard; sourceTree = "<group>"; };
		89D3F48125ED10F4000690F0 /* Assets.xcassets */ = {isa = PBXFileReference; lastKnownFileType = folder.assetcatalog; path = Assets.xcassets; sourceTree = "<group>"; };
		89D3F48425ED10F4000690F0 /* Base */ = {isa = PBXFileReference; lastKnownFileType = file.storyboard; name = Base; path = Base.lproj/LaunchScreen.storyboard; sourceTree = "<group>"; };
		89D3F48625ED10F4000690F0 /* Info.plist */ = {isa = PBXFileReference; lastKnownFileType = text.plist.xml; path = Info.plist; sourceTree = "<group>"; };
		89D3F49125ED2432000690F0 /* 上傳.png */ = {isa = PBXFileReference; lastKnownFileType = image.png; path = "上傳.png"; sourceTree = "<group>"; };
		89D3F49425ED2C24000690F0 /* Create_Book_Club_2_ViewController.swift */ = {isa = PBXFileReference; lastKnownFileType = sourcecode.swift; path = Create_Book_Club_2_ViewController.swift; sourceTree = "<group>"; };
		89D3F49925ED4700000690F0 /* -.png */ = {isa = PBXFileReference; lastKnownFileType = image.png; path = "-.png"; sourceTree = "<group>"; };
		89D3F49C25ED4706000690F0 /* +.png */ = {isa = PBXFileReference; lastKnownFileType = image.png; path = "+.png"; sourceTree = "<group>"; };
/* End PBXFileReference section */

/* Begin PBXFrameworksBuildPhase section */
		89D3F47225ED10F4000690F0 /* Frameworks */ = {
			isa = PBXFrameworksBuildPhase;
			buildActionMask = 2147483647;
			files = (
			);
			runOnlyForDeploymentPostprocessing = 0;
		};
/* End PBXFrameworksBuildPhase section */

/* Begin PBXGroup section */
		89D3F46C25ED10F4000690F0 = {
			isa = PBXGroup;
			children = (
				89D3F47725ED10F4000690F0 /* Study-Group-App */,
				89D3F47625ED10F4000690F0 /* Products */,
			);
			sourceTree = "<group>";
		};
		89D3F47625ED10F4000690F0 /* Products */ = {
			isa = PBXGroup;
			children = (
				89D3F47525ED10F4000690F0 /* Study-Group-App.app */,
			);
			name = Products;
			sourceTree = "<group>";
		};
		89D3F47725ED10F4000690F0 /* Study-Group-App */ = {
			isa = PBXGroup;
			children = (
				89D3F48F25ED113B000690F0 /* Controller */,
				89D3F48E25ED1129000690F0 /* View */,
				89D3F48D25ED1118000690F0 /* Model */,
				89D3F48325ED10F4000690F0 /* LaunchScreen.storyboard */,
				89D3F47E25ED10F4000690F0 /* Main.storyboard */,
				89D3F48625ED10F4000690F0 /* Info.plist */,
			);
			path = "Study-Group-App";
			sourceTree = "<group>";
		};
		89D3F48D25ED1118000690F0 /* Model */ = {
			isa = PBXGroup;
			children = (
			);
			path = Model;
			sourceTree = "<group>";
		};
		89D3F48E25ED1129000690F0 /* View */ = {
			isa = PBXGroup;
			children = (
				89237D4F25EF7C0200B2592F /* LocTableViewCell.swift */,
				890E415925F1219800A47422 /* BookClubClassifyTableViewCell.swift */,
				890E415225F0C50B00A47422 /* TimesTableViewCell.swift */,
				89D3F48125ED10F4000690F0 /* Assets.xcassets */,
				89D3F49C25ED4706000690F0 /* +.png */,
				89D3F49925ED4700000690F0 /* -.png */,
				89D3F49125ED2432000690F0 /* 上傳.png */,
			);
			path = View;
			sourceTree = "<group>";
		};
		89D3F48F25ED113B000690F0 /* Controller */ = {
			isa = PBXGroup;
			children = (
				890E415625F10F4300A47422 /* Create_Book_Club_1_ViewController.swift */,
				89D3F49425ED2C24000690F0 /* Create_Book_Club_2_ViewController.swift */,
				893C6D9B25F24AAC001AD9CA /* Create_Book_Club_3_ViewController.swift */,
				89D3F47825ED10F4000690F0 /* AppDelegate.swift */,
				89D3F47A25ED10F4000690F0 /* SceneDelegate.swift */,
				897BA0DC25EE88AB00A92C4E /* LocationTableViewController.swift */,
				890E414F25F0C3FB00A47422 /* TimesTableViewController.swift */,
				89D3F47C25ED10F4000690F0 /* ViewController.swift */,
			);
			path = Controller;
			sourceTree = "<group>";
		};
/* End PBXGroup section */

/* Begin PBXNativeTarget section */
		89D3F47425ED10F4000690F0 /* Study-Group-App */ = {
			isa = PBXNativeTarget;
			buildConfigurationList = 89D3F48925ED10F4000690F0 /* Build configuration list for PBXNativeTarget "Study-Group-App" */;
			buildPhases = (
				89D3F47125ED10F4000690F0 /* Sources */,
				89D3F47225ED10F4000690F0 /* Frameworks */,
				89D3F47325ED10F4000690F0 /* Resources */,
			);
			buildRules = (
			);
			dependencies = (
			);
			name = "Study-Group-App";
			productName = "Study-Group-App";
			productReference = 89D3F47525ED10F4000690F0 /* Study-Group-App.app */;
			productType = "com.apple.product-type.application";
		};
/* End PBXNativeTarget section */

/* Begin PBXProject section */
		89D3F46D25ED10F4000690F0 /* Project object */ = {
			isa = PBXProject;
			attributes = {
				LastSwiftUpdateCheck = 1230;
				LastUpgradeCheck = 1230;
				TargetAttributes = {
					89D3F47425ED10F4000690F0 = {
						CreatedOnToolsVersion = 12.3;
					};
				};
			};
			buildConfigurationList = 89D3F47025ED10F4000690F0 /* Build configuration list for PBXProject "Study-Group-App" */;
			compatibilityVersion = "Xcode 9.3";
			developmentRegion = en;
			hasScannedForEncodings = 0;
			knownRegions = (
				en,
				Base,
			);
			mainGroup = 89D3F46C25ED10F4000690F0;
			productRefGroup = 89D3F47625ED10F4000690F0 /* Products */;
			projectDirPath = "";
			projectRoot = "";
			targets = (
				89D3F47425ED10F4000690F0 /* Study-Group-App */,
			);
		};
/* End PBXProject section */

/* Begin PBXResourcesBuildPhase section */
		89D3F47325ED10F4000690F0 /* Resources */ = {
			isa = PBXResourcesBuildPhase;
			buildActionMask = 2147483647;
			files = (
				89D3F48525ED10F4000690F0 /* LaunchScreen.storyboard in Resources */,
				89D3F48225ED10F4000690F0 /* Assets.xcassets in Resources */,
				89D3F49A25ED4700000690F0 /* -.png in Resources */,
				89D3F49D25ED4706000690F0 /* +.png in Resources */,
				89D3F49225ED2433000690F0 /* 上傳.png in Resources */,
				89D3F48025ED10F4000690F0 /* Main.storyboard in Resources */,
			);
			runOnlyForDeploymentPostprocessing = 0;
		};
/* End PBXResourcesBuildPhase section */

/* Begin PBXSourcesBuildPhase section */
		89D3F47125ED10F4000690F0 /* Sources */ = {
			isa = PBXSourcesBuildPhase;
			buildActionMask = 2147483647;
			files = (
				890E415325F0C50B00A47422 /* TimesTableViewCell.swift in Sources */,
				89D3F49525ED2C24000690F0 /* Create_Book_Club_2_ViewController.swift in Sources */,
				890E415A25F1219800A47422 /* BookClubClassifyTableViewCell.swift in Sources */,
				89D3F47D25ED10F4000690F0 /* ViewController.swift in Sources */,
				89237D5025EF7C0200B2592F /* LocTableViewCell.swift in Sources */,
				89D3F47925ED10F4000690F0 /* AppDelegate.swift in Sources */,
				890E415025F0C3FB00A47422 /* TimesTableViewController.swift in Sources */,
				890E415725F10F4300A47422 /* Create_Book_Club_1_ViewController.swift in Sources */,
				893C6D9C25F24AAC001AD9CA /* Create_Book_Club_3_ViewController.swift in Sources */,
				897BA0DD25EE88AB00A92C4E /* LocationTableViewController.swift in Sources */,
				89D3F47B25ED10F4000690F0 /* SceneDelegate.swift in Sources */,
			);
			runOnlyForDeploymentPostprocessing = 0;
		};
/* End PBXSourcesBuildPhase section */

/* Begin PBXVariantGroup section */
		89D3F47E25ED10F4000690F0 /* Main.storyboard */ = {
			isa = PBXVariantGroup;
			children = (
				89D3F47F25ED10F4000690F0 /* Base */,
			);
			name = Main.storyboard;
			sourceTree = "<group>";
		};
		89D3F48325ED10F4000690F0 /* LaunchScreen.storyboard */ = {
			isa = PBXVariantGroup;
			children = (
				89D3F48425ED10F4000690F0 /* Base */,
			);
			name = LaunchScreen.storyboard;
			sourceTree = "<group>";
		};
/* End PBXVariantGroup section */

/* Begin XCBuildConfiguration section */
		89D3F48725ED10F4000690F0 /* Debug */ = {
			isa = XCBuildConfiguration;
			buildSettings = {
				ALWAYS_SEARCH_USER_PATHS = NO;
				CLANG_ANALYZER_NONNULL = YES;
				CLANG_ANALYZER_NUMBER_OBJECT_CONVERSION = YES_AGGRESSIVE;
				CLANG_CXX_LANGUAGE_STANDARD = "gnu++14";
				CLANG_CXX_LIBRARY = "libc++";
				CLANG_ENABLE_MODULES = YES;
				CLANG_ENABLE_OBJC_ARC = YES;
				CLANG_ENABLE_OBJC_WEAK = YES;
				CLANG_WARN_BLOCK_CAPTURE_AUTORELEASING = YES;
				CLANG_WARN_BOOL_CONVERSION = YES;
				CLANG_WARN_COMMA = YES;
				CLANG_WARN_CONSTANT_CONVERSION = YES;
				CLANG_WARN_DEPRECATED_OBJC_IMPLEMENTATIONS = YES;
				CLANG_WARN_DIRECT_OBJC_ISA_USAGE = YES_ERROR;
				CLANG_WARN_DOCUMENTATION_COMMENTS = YES;
				CLANG_WARN_EMPTY_BODY = YES;
				CLANG_WARN_ENUM_CONVERSION = YES;
				CLANG_WARN_INFINITE_RECURSION = YES;
				CLANG_WARN_INT_CONVERSION = YES;
				CLANG_WARN_NON_LITERAL_NULL_CONVERSION = YES;
				CLANG_WARN_OBJC_IMPLICIT_RETAIN_SELF = YES;
				CLANG_WARN_OBJC_LITERAL_CONVERSION = YES;
				CLANG_WARN_OBJC_ROOT_CLASS = YES_ERROR;
				CLANG_WARN_QUOTED_INCLUDE_IN_FRAMEWORK_HEADER = YES;
				CLANG_WARN_RANGE_LOOP_ANALYSIS = YES;
				CLANG_WARN_STRICT_PROTOTYPES = YES;
				CLANG_WARN_SUSPICIOUS_MOVE = YES;
				CLANG_WARN_UNGUARDED_AVAILABILITY = YES_AGGRESSIVE;
				CLANG_WARN_UNREACHABLE_CODE = YES;
				CLANG_WARN__DUPLICATE_METHOD_MATCH = YES;
				COPY_PHASE_STRIP = NO;
				DEBUG_INFORMATION_FORMAT = dwarf;
				ENABLE_STRICT_OBJC_MSGSEND = YES;
				ENABLE_TESTABILITY = YES;
				GCC_C_LANGUAGE_STANDARD = gnu11;
				GCC_DYNAMIC_NO_PIC = NO;
				GCC_NO_COMMON_BLOCKS = YES;
				GCC_OPTIMIZATION_LEVEL = 0;
				GCC_PREPROCESSOR_DEFINITIONS = (
					"DEBUG=1",
					"$(inherited)",
				);
				GCC_WARN_64_TO_32_BIT_CONVERSION = YES;
				GCC_WARN_ABOUT_RETURN_TYPE = YES_ERROR;
				GCC_WARN_UNDECLARED_SELECTOR = YES;
				GCC_WARN_UNINITIALIZED_AUTOS = YES_AGGRESSIVE;
				GCC_WARN_UNUSED_FUNCTION = YES;
				GCC_WARN_UNUSED_VARIABLE = YES;
				IPHONEOS_DEPLOYMENT_TARGET = 13.7;
				MTL_ENABLE_DEBUG_INFO = INCLUDE_SOURCE;
				MTL_FAST_MATH = YES;
				ONLY_ACTIVE_ARCH = YES;
				SDKROOT = iphoneos;
				SWIFT_ACTIVE_COMPILATION_CONDITIONS = DEBUG;
				SWIFT_OPTIMIZATION_LEVEL = "-Onone";
			};
			name = Debug;
		};
		89D3F48825ED10F4000690F0 /* Release */ = {
			isa = XCBuildConfiguration;
			buildSettings = {
				ALWAYS_SEARCH_USER_PATHS = NO;
				CLANG_ANALYZER_NONNULL = YES;
				CLANG_ANALYZER_NUMBER_OBJECT_CONVERSION = YES_AGGRESSIVE;
				CLANG_CXX_LANGUAGE_STANDARD = "gnu++14";
				CLANG_CXX_LIBRARY = "libc++";
				CLANG_ENABLE_MODULES = YES;
				CLANG_ENABLE_OBJC_ARC = YES;
				CLANG_ENABLE_OBJC_WEAK = YES;
				CLANG_WARN_BLOCK_CAPTURE_AUTORELEASING = YES;
				CLANG_WARN_BOOL_CONVERSION = YES;
				CLANG_WARN_COMMA = YES;
				CLANG_WARN_CONSTANT_CONVERSION = YES;
				CLANG_WARN_DEPRECATED_OBJC_IMPLEMENTATIONS = YES;
				CLANG_WARN_DIRECT_OBJC_ISA_USAGE = YES_ERROR;
				CLANG_WARN_DOCUMENTATION_COMMENTS = YES;
				CLANG_WARN_EMPTY_BODY = YES;
				CLANG_WARN_ENUM_CONVERSION = YES;
				CLANG_WARN_INFINITE_RECURSION = YES;
				CLANG_WARN_INT_CONVERSION = YES;
				CLANG_WARN_NON_LITERAL_NULL_CONVERSION = YES;
				CLANG_WARN_OBJC_IMPLICIT_RETAIN_SELF = YES;
				CLANG_WARN_OBJC_LITERAL_CONVERSION = YES;
				CLANG_WARN_OBJC_ROOT_CLASS = YES_ERROR;
				CLANG_WARN_QUOTED_INCLUDE_IN_FRAMEWORK_HEADER = YES;
				CLANG_WARN_RANGE_LOOP_ANALYSIS = YES;
				CLANG_WARN_STRICT_PROTOTYPES = YES;
				CLANG_WARN_SUSPICIOUS_MOVE = YES;
				CLANG_WARN_UNGUARDED_AVAILABILITY = YES_AGGRESSIVE;
				CLANG_WARN_UNREACHABLE_CODE = YES;
				CLANG_WARN__DUPLICATE_METHOD_MATCH = YES;
				COPY_PHASE_STRIP = NO;
				DEBUG_INFORMATION_FORMAT = "dwarf-with-dsym";
				ENABLE_NS_ASSERTIONS = NO;
				ENABLE_STRICT_OBJC_MSGSEND = YES;
				GCC_C_LANGUAGE_STANDARD = gnu11;
				GCC_NO_COMMON_BLOCKS = YES;
				GCC_WARN_64_TO_32_BIT_CONVERSION = YES;
				GCC_WARN_ABOUT_RETURN_TYPE = YES_ERROR;
				GCC_WARN_UNDECLARED_SELECTOR = YES;
				GCC_WARN_UNINITIALIZED_AUTOS = YES_AGGRESSIVE;
				GCC_WARN_UNUSED_FUNCTION = YES;
				GCC_WARN_UNUSED_VARIABLE = YES;
				IPHONEOS_DEPLOYMENT_TARGET = 13.7;
				MTL_ENABLE_DEBUG_INFO = NO;
				MTL_FAST_MATH = YES;
				SDKROOT = iphoneos;
				SWIFT_COMPILATION_MODE = wholemodule;
				SWIFT_OPTIMIZATION_LEVEL = "-O";
				VALIDATE_PRODUCT = YES;
			};
			name = Release;
		};
		89D3F48A25ED10F4000690F0 /* Debug */ = {
			isa = XCBuildConfiguration;
			buildSettings = {
				ASSETCATALOG_COMPILER_APPICON_NAME = AppIcon;
				ASSETCATALOG_COMPILER_GLOBAL_ACCENT_COLOR_NAME = AccentColor;
				CODE_SIGN_STYLE = Automatic;
				INFOPLIST_FILE = "Study-Group-App/Info.plist";
				IPHONEOS_DEPLOYMENT_TARGET = 13.7;
				LD_RUNPATH_SEARCH_PATHS = (
					"$(inherited)",
					"@executable_path/Frameworks",
				);
				PRODUCT_BUNDLE_IDENTIFIER = "com.tiffanyyang.Study-Group-App";
				PRODUCT_NAME = "$(TARGET_NAME)";
				SWIFT_VERSION = 5.0;
				TARGETED_DEVICE_FAMILY = "1,2";
			};
			name = Debug;
		};
		89D3F48B25ED10F4000690F0 /* Release */ = {
			isa = XCBuildConfiguration;
			buildSettings = {
				ASSETCATALOG_COMPILER_APPICON_NAME = AppIcon;
				ASSETCATALOG_COMPILER_GLOBAL_ACCENT_COLOR_NAME = AccentColor;
				CODE_SIGN_STYLE = Automatic;
				INFOPLIST_FILE = "Study-Group-App/Info.plist";
				IPHONEOS_DEPLOYMENT_TARGET = 13.7;
				LD_RUNPATH_SEARCH_PATHS = (
					"$(inherited)",
					"@executable_path/Frameworks",
				);
				PRODUCT_BUNDLE_IDENTIFIER = "com.tiffanyyang.Study-Group-App";
				PRODUCT_NAME = "$(TARGET_NAME)";
				SWIFT_VERSION = 5.0;
				TARGETED_DEVICE_FAMILY = "1,2";
			};
			name = Release;
		};
/* End XCBuildConfiguration section */

/* Begin XCConfigurationList section */
		89D3F47025ED10F4000690F0 /* Build configuration list for PBXProject "Study-Group-App" */ = {
			isa = XCConfigurationList;
			buildConfigurations = (
				89D3F48725ED10F4000690F0 /* Debug */,
				89D3F48825ED10F4000690F0 /* Release */,
			);
			defaultConfigurationIsVisible = 0;
			defaultConfigurationName = Release;
		};
		89D3F48925ED10F4000690F0 /* Build configuration list for PBXNativeTarget "Study-Group-App" */ = {
			isa = XCConfigurationList;
			buildConfigurations = (
				89D3F48A25ED10F4000690F0 /* Debug */,
				89D3F48B25ED10F4000690F0 /* Release */,
			);
			defaultConfigurationIsVisible = 0;
			defaultConfigurationName = Release;
		};
/* End XCConfigurationList section */
	};
	rootObject = 89D3F46D25ED10F4000690F0 /* Project object */;
}
